
Microsoft Visual Studio Solution File, Format Version 12.00
# Visual Studio Version 17
VisualStudioVersion = 17.2.32314.265
MinimumVisualStudioVersion = 10.0.40219.1
Project("{FAE04EC0-301F-11D3-BF4B-00C04F79EFBC}") = "DotnetRss.Core", "DotnetRss.Core\DotnetRss.Core.csproj", "{E1499066-06DD-442B-8E52-717C08DD882C}"
EndProject
Global
	GlobalSection(SolutionConfigurationPlatforms) = preSolution
		Debug|Any CPU = Debug|Any CPU
		Release|Any CPU = Release|Any CPU
	EndGlobalSection
	GlobalSection(ProjectConfigurationPlatforms) = postSolution
		{E1499066-06DD-442B-8E52-717C08DD882C}.Debug|Any CPU.ActiveCfg = Debug|Any CPU
		{E1499066-06DD-442B-8E52-717C08DD882C}.Debug|Any CPU.Build.0 = Debug|Any CPU
		{E1499066-06DD-442B-8E52-717C08DD882C}.Release|Any CPU.ActiveCfg = Release|Any CPU
		{E1499066-06DD-442B-8E52-717C08DD882C}.Release|Any CPU.Build.0 = Release|Any CPU
	EndGlobalSection
	GlobalSection(SolutionProperties) = preSolution
		HideSolutionNode = FALSE
	EndGlobalSection
	GlobalSection(ExtensibilityGlobals) = postSolution
		SolutionGuid = {BD97F7D6-FC6F-4466-A09D-C8807953523F}
	EndGlobalSection
EndGlobal
