
Microsoft Visual Studio Solution File, Format Version 12.00
# Visual Studio Version 17
VisualStudioVersion = 17.2.32314.265
MinimumVisualStudioVersion = 10.0.40219.1
Project("{9A19103F-16F7-4668-BE54-9A1E7A4F7556}") = "DotnetRss.Core", "DotnetRss.Core\DotnetRss.Core.csproj", "{E1499066-06DD-442B-8E52-717C08DD882C}"
EndProject
Project("{9A19103F-16F7-4668-BE54-9A1E7A4F7556}") = "DotnetRss.Tests", "DotnetRss.Tests\DotnetRss.Tests.csproj", "{D51CDF12-749F-4C5B-A93A-7F6F94E84C7D}"
EndProject
Project("{9A19103F-16F7-4668-BE54-9A1E7A4F7556}") = "DotnetRss.FeedReader", "DotnetRss.FeedReader\DotnetRss.FeedReader.csproj", "{EC0877E3-0C8A-4F0A-8589-37D3C1C0DD93}"
EndProject
Project("{9A19103F-16F7-4668-BE54-9A1E7A4F7556}") = "DotnetRss.LiteDB", "DotnetRss.LiteDB\DotnetRss.LiteDB.csproj", "{CD1E8E56-3717-43FB-BD72-DB69675FE2D2}"
EndProject
Project("{9A19103F-16F7-4668-BE54-9A1E7A4F7556}") = "DotnetRss.Handlebars", "DotnetRss.Handlebars\DotnetRss.Handlebars.csproj", "{1670791F-1189-4795-A62C-852FF00EFFE8}"
EndProject
Project("{2150E333-8FDC-42A3-9474-1A3956D46DE8}") = "Core", "Core", "{14D6EFF8-8C6D-4FF5-B41B-CE30F45F2FCD}"
EndProject
Project("{2150E333-8FDC-42A3-9474-1A3956D46DE8}") = "Apps", "Apps", "{40A1DB87-15B8-47C3-8F63-3C63D3A6CC8D}"
EndProject
Project("{9A19103F-16F7-4668-BE54-9A1E7A4F7556}") = "DotnetRss.WinUI", "DotnetRss.WinUI\DotnetRss.WinUI.csproj", "{229DC15B-9B1B-476A-9515-70BD25D81B86}"
EndProject
Project("{9A19103F-16F7-4668-BE54-9A1E7A4F7556}") = "DotnetRss.Maui", "DotnetRss.Maui\DotnetRss.Maui.csproj", "{B5C8E09F-94C9-4FE8-A981-CDDC349E2ED7}"
EndProject
Global
	GlobalSection(SolutionConfigurationPlatforms) = preSolution
		Debug|Any CPU = Debug|Any CPU
		Debug|arm64 = Debug|arm64
		Debug|x64 = Debug|x64
		Debug|x86 = Debug|x86
		Release|Any CPU = Release|Any CPU
		Release|arm64 = Release|arm64
		Release|x64 = Release|x64
		Release|x86 = Release|x86
	EndGlobalSection
	GlobalSection(ProjectConfigurationPlatforms) = postSolution
		{E1499066-06DD-442B-8E52-717C08DD882C}.Debug|Any CPU.ActiveCfg = Debug|Any CPU
		{E1499066-06DD-442B-8E52-717C08DD882C}.Debug|Any CPU.Build.0 = Debug|Any CPU
		{E1499066-06DD-442B-8E52-717C08DD882C}.Debug|arm64.ActiveCfg = Debug|Any CPU
		{E1499066-06DD-442B-8E52-717C08DD882C}.Debug|arm64.Build.0 = Debug|Any CPU
		{E1499066-06DD-442B-8E52-717C08DD882C}.Debug|x64.ActiveCfg = Debug|Any CPU
		{E1499066-06DD-442B-8E52-717C08DD882C}.Debug|x64.Build.0 = Debug|Any CPU
		{E1499066-06DD-442B-8E52-717C08DD882C}.Debug|x86.ActiveCfg = Debug|Any CPU
		{E1499066-06DD-442B-8E52-717C08DD882C}.Debug|x86.Build.0 = Debug|Any CPU
		{E1499066-06DD-442B-8E52-717C08DD882C}.Release|Any CPU.ActiveCfg = Release|Any CPU
		{E1499066-06DD-442B-8E52-717C08DD882C}.Release|Any CPU.Build.0 = Release|Any CPU
		{E1499066-06DD-442B-8E52-717C08DD882C}.Release|arm64.ActiveCfg = Release|Any CPU
		{E1499066-06DD-442B-8E52-717C08DD882C}.Release|arm64.Build.0 = Release|Any CPU
		{E1499066-06DD-442B-8E52-717C08DD882C}.Release|x64.ActiveCfg = Release|Any CPU
		{E1499066-06DD-442B-8E52-717C08DD882C}.Release|x64.Build.0 = Release|Any CPU
		{E1499066-06DD-442B-8E52-717C08DD882C}.Release|x86.ActiveCfg = Release|Any CPU
		{E1499066-06DD-442B-8E52-717C08DD882C}.Release|x86.Build.0 = Release|Any CPU
		{D51CDF12-749F-4C5B-A93A-7F6F94E84C7D}.Debug|Any CPU.ActiveCfg = Debug|Any CPU
		{D51CDF12-749F-4C5B-A93A-7F6F94E84C7D}.Debug|Any CPU.Build.0 = Debug|Any CPU
		{D51CDF12-749F-4C5B-A93A-7F6F94E84C7D}.Debug|arm64.ActiveCfg = Debug|Any CPU
		{D51CDF12-749F-4C5B-A93A-7F6F94E84C7D}.Debug|arm64.Build.0 = Debug|Any CPU
		{D51CDF12-749F-4C5B-A93A-7F6F94E84C7D}.Debug|x64.ActiveCfg = Debug|Any CPU
		{D51CDF12-749F-4C5B-A93A-7F6F94E84C7D}.Debug|x64.Build.0 = Debug|Any CPU
		{D51CDF12-749F-4C5B-A93A-7F6F94E84C7D}.Debug|x86.ActiveCfg = Debug|Any CPU
		{D51CDF12-749F-4C5B-A93A-7F6F94E84C7D}.Debug|x86.Build.0 = Debug|Any CPU
		{D51CDF12-749F-4C5B-A93A-7F6F94E84C7D}.Release|Any CPU.ActiveCfg = Release|Any CPU
		{D51CDF12-749F-4C5B-A93A-7F6F94E84C7D}.Release|Any CPU.Build.0 = Release|Any CPU
		{D51CDF12-749F-4C5B-A93A-7F6F94E84C7D}.Release|arm64.ActiveCfg = Release|Any CPU
		{D51CDF12-749F-4C5B-A93A-7F6F94E84C7D}.Release|arm64.Build.0 = Release|Any CPU
		{D51CDF12-749F-4C5B-A93A-7F6F94E84C7D}.Release|x64.ActiveCfg = Release|Any CPU
		{D51CDF12-749F-4C5B-A93A-7F6F94E84C7D}.Release|x64.Build.0 = Release|Any CPU
		{D51CDF12-749F-4C5B-A93A-7F6F94E84C7D}.Release|x86.ActiveCfg = Release|Any CPU
		{D51CDF12-749F-4C5B-A93A-7F6F94E84C7D}.Release|x86.Build.0 = Release|Any CPU
		{EC0877E3-0C8A-4F0A-8589-37D3C1C0DD93}.Debug|Any CPU.ActiveCfg = Debug|Any CPU
		{EC0877E3-0C8A-4F0A-8589-37D3C1C0DD93}.Debug|Any CPU.Build.0 = Debug|Any CPU
		{EC0877E3-0C8A-4F0A-8589-37D3C1C0DD93}.Debug|arm64.ActiveCfg = Debug|Any CPU
		{EC0877E3-0C8A-4F0A-8589-37D3C1C0DD93}.Debug|arm64.Build.0 = Debug|Any CPU
		{EC0877E3-0C8A-4F0A-8589-37D3C1C0DD93}.Debug|x64.ActiveCfg = Debug|Any CPU
		{EC0877E3-0C8A-4F0A-8589-37D3C1C0DD93}.Debug|x64.Build.0 = Debug|Any CPU
		{EC0877E3-0C8A-4F0A-8589-37D3C1C0DD93}.Debug|x86.ActiveCfg = Debug|Any CPU
		{EC0877E3-0C8A-4F0A-8589-37D3C1C0DD93}.Debug|x86.Build.0 = Debug|Any CPU
		{EC0877E3-0C8A-4F0A-8589-37D3C1C0DD93}.Release|Any CPU.ActiveCfg = Release|Any CPU
		{EC0877E3-0C8A-4F0A-8589-37D3C1C0DD93}.Release|Any CPU.Build.0 = Release|Any CPU
		{EC0877E3-0C8A-4F0A-8589-37D3C1C0DD93}.Release|arm64.ActiveCfg = Release|Any CPU
		{EC0877E3-0C8A-4F0A-8589-37D3C1C0DD93}.Release|arm64.Build.0 = Release|Any CPU
		{EC0877E3-0C8A-4F0A-8589-37D3C1C0DD93}.Release|x64.ActiveCfg = Release|Any CPU
		{EC0877E3-0C8A-4F0A-8589-37D3C1C0DD93}.Release|x64.Build.0 = Release|Any CPU
		{EC0877E3-0C8A-4F0A-8589-37D3C1C0DD93}.Release|x86.ActiveCfg = Release|Any CPU
		{EC0877E3-0C8A-4F0A-8589-37D3C1C0DD93}.Release|x86.Build.0 = Release|Any CPU
		{CD1E8E56-3717-43FB-BD72-DB69675FE2D2}.Debug|Any CPU.ActiveCfg = Debug|Any CPU
		{CD1E8E56-3717-43FB-BD72-DB69675FE2D2}.Debug|Any CPU.Build.0 = Debug|Any CPU
		{CD1E8E56-3717-43FB-BD72-DB69675FE2D2}.Debug|arm64.ActiveCfg = Debug|Any CPU
		{CD1E8E56-3717-43FB-BD72-DB69675FE2D2}.Debug|arm64.Build.0 = Debug|Any CPU
		{CD1E8E56-3717-43FB-BD72-DB69675FE2D2}.Debug|x64.ActiveCfg = Debug|Any CPU
		{CD1E8E56-3717-43FB-BD72-DB69675FE2D2}.Debug|x64.Build.0 = Debug|Any CPU
		{CD1E8E56-3717-43FB-BD72-DB69675FE2D2}.Debug|x86.ActiveCfg = Debug|Any CPU
		{CD1E8E56-3717-43FB-BD72-DB69675FE2D2}.Debug|x86.Build.0 = Debug|Any CPU
		{CD1E8E56-3717-43FB-BD72-DB69675FE2D2}.Release|Any CPU.ActiveCfg = Release|Any CPU
		{CD1E8E56-3717-43FB-BD72-DB69675FE2D2}.Release|Any CPU.Build.0 = Release|Any CPU
		{CD1E8E56-3717-43FB-BD72-DB69675FE2D2}.Release|arm64.ActiveCfg = Release|Any CPU
		{CD1E8E56-3717-43FB-BD72-DB69675FE2D2}.Release|arm64.Build.0 = Release|Any CPU
		{CD1E8E56-3717-43FB-BD72-DB69675FE2D2}.Release|x64.ActiveCfg = Release|Any CPU
		{CD1E8E56-3717-43FB-BD72-DB69675FE2D2}.Release|x64.Build.0 = Release|Any CPU
		{CD1E8E56-3717-43FB-BD72-DB69675FE2D2}.Release|x86.ActiveCfg = Release|Any CPU
		{CD1E8E56-3717-43FB-BD72-DB69675FE2D2}.Release|x86.Build.0 = Release|Any CPU
		{1670791F-1189-4795-A62C-852FF00EFFE8}.Debug|Any CPU.ActiveCfg = Debug|Any CPU
		{1670791F-1189-4795-A62C-852FF00EFFE8}.Debug|Any CPU.Build.0 = Debug|Any CPU
		{1670791F-1189-4795-A62C-852FF00EFFE8}.Debug|arm64.ActiveCfg = Debug|Any CPU
		{1670791F-1189-4795-A62C-852FF00EFFE8}.Debug|arm64.Build.0 = Debug|Any CPU
		{1670791F-1189-4795-A62C-852FF00EFFE8}.Debug|x64.ActiveCfg = Debug|Any CPU
		{1670791F-1189-4795-A62C-852FF00EFFE8}.Debug|x64.Build.0 = Debug|Any CPU
		{1670791F-1189-4795-A62C-852FF00EFFE8}.Debug|x86.ActiveCfg = Debug|Any CPU
		{1670791F-1189-4795-A62C-852FF00EFFE8}.Debug|x86.Build.0 = Debug|Any CPU
		{1670791F-1189-4795-A62C-852FF00EFFE8}.Release|Any CPU.ActiveCfg = Release|Any CPU
		{1670791F-1189-4795-A62C-852FF00EFFE8}.Release|Any CPU.Build.0 = Release|Any CPU
		{1670791F-1189-4795-A62C-852FF00EFFE8}.Release|arm64.ActiveCfg = Release|Any CPU
		{1670791F-1189-4795-A62C-852FF00EFFE8}.Release|arm64.Build.0 = Release|Any CPU
		{1670791F-1189-4795-A62C-852FF00EFFE8}.Release|x64.ActiveCfg = Release|Any CPU
		{1670791F-1189-4795-A62C-852FF00EFFE8}.Release|x64.Build.0 = Release|Any CPU
		{1670791F-1189-4795-A62C-852FF00EFFE8}.Release|x86.ActiveCfg = Release|Any CPU
		{1670791F-1189-4795-A62C-852FF00EFFE8}.Release|x86.Build.0 = Release|Any CPU
		{229DC15B-9B1B-476A-9515-70BD25D81B86}.Debug|Any CPU.ActiveCfg = Debug|x64
		{229DC15B-9B1B-476A-9515-70BD25D81B86}.Debug|Any CPU.Build.0 = Debug|x64
		{229DC15B-9B1B-476A-9515-70BD25D81B86}.Debug|Any CPU.Deploy.0 = Debug|x64
		{229DC15B-9B1B-476A-9515-70BD25D81B86}.Debug|arm64.ActiveCfg = Debug|arm64
		{229DC15B-9B1B-476A-9515-70BD25D81B86}.Debug|arm64.Build.0 = Debug|arm64
		{229DC15B-9B1B-476A-9515-70BD25D81B86}.Debug|arm64.Deploy.0 = Debug|arm64
		{229DC15B-9B1B-476A-9515-70BD25D81B86}.Debug|x64.ActiveCfg = Debug|x64
		{229DC15B-9B1B-476A-9515-70BD25D81B86}.Debug|x64.Build.0 = Debug|x64
		{229DC15B-9B1B-476A-9515-70BD25D81B86}.Debug|x64.Deploy.0 = Debug|x64
		{229DC15B-9B1B-476A-9515-70BD25D81B86}.Debug|x86.ActiveCfg = Debug|x86
		{229DC15B-9B1B-476A-9515-70BD25D81B86}.Debug|x86.Build.0 = Debug|x86
		{229DC15B-9B1B-476A-9515-70BD25D81B86}.Debug|x86.Deploy.0 = Debug|x86
		{229DC15B-9B1B-476A-9515-70BD25D81B86}.Release|Any CPU.ActiveCfg = Release|x64
		{229DC15B-9B1B-476A-9515-70BD25D81B86}.Release|Any CPU.Build.0 = Release|x64
		{229DC15B-9B1B-476A-9515-70BD25D81B86}.Release|Any CPU.Deploy.0 = Release|x64
		{229DC15B-9B1B-476A-9515-70BD25D81B86}.Release|arm64.ActiveCfg = Release|arm64
		{229DC15B-9B1B-476A-9515-70BD25D81B86}.Release|arm64.Build.0 = Release|arm64
		{229DC15B-9B1B-476A-9515-70BD25D81B86}.Release|arm64.Deploy.0 = Release|arm64
		{229DC15B-9B1B-476A-9515-70BD25D81B86}.Release|x64.ActiveCfg = Release|x64
		{229DC15B-9B1B-476A-9515-70BD25D81B86}.Release|x64.Build.0 = Release|x64
		{229DC15B-9B1B-476A-9515-70BD25D81B86}.Release|x64.Deploy.0 = Release|x64
		{229DC15B-9B1B-476A-9515-70BD25D81B86}.Release|x86.ActiveCfg = Release|x86
		{229DC15B-9B1B-476A-9515-70BD25D81B86}.Release|x86.Build.0 = Release|x86
		{229DC15B-9B1B-476A-9515-70BD25D81B86}.Release|x86.Deploy.0 = Release|x86
		{B5C8E09F-94C9-4FE8-A981-CDDC349E2ED7}.Debug|Any CPU.ActiveCfg = Debug|Any CPU
		{B5C8E09F-94C9-4FE8-A981-CDDC349E2ED7}.Debug|Any CPU.Build.0 = Debug|Any CPU
		{B5C8E09F-94C9-4FE8-A981-CDDC349E2ED7}.Debug|Any CPU.Deploy.0 = Debug|Any CPU
		{B5C8E09F-94C9-4FE8-A981-CDDC349E2ED7}.Debug|arm64.ActiveCfg = Debug|Any CPU
		{B5C8E09F-94C9-4FE8-A981-CDDC349E2ED7}.Debug|arm64.Build.0 = Debug|Any CPU
		{B5C8E09F-94C9-4FE8-A981-CDDC349E2ED7}.Debug|arm64.Deploy.0 = Debug|Any CPU
		{B5C8E09F-94C9-4FE8-A981-CDDC349E2ED7}.Debug|x64.ActiveCfg = Debug|Any CPU
		{B5C8E09F-94C9-4FE8-A981-CDDC349E2ED7}.Debug|x64.Build.0 = Debug|Any CPU
		{B5C8E09F-94C9-4FE8-A981-CDDC349E2ED7}.Debug|x64.Deploy.0 = Debug|Any CPU
		{B5C8E09F-94C9-4FE8-A981-CDDC349E2ED7}.Debug|x86.ActiveCfg = Debug|Any CPU
		{B5C8E09F-94C9-4FE8-A981-CDDC349E2ED7}.Debug|x86.Build.0 = Debug|Any CPU
		{B5C8E09F-94C9-4FE8-A981-CDDC349E2ED7}.Debug|x86.Deploy.0 = Debug|Any CPU
		{B5C8E09F-94C9-4FE8-A981-CDDC349E2ED7}.Release|Any CPU.ActiveCfg = Release|Any CPU
		{B5C8E09F-94C9-4FE8-A981-CDDC349E2ED7}.Release|Any CPU.Build.0 = Release|Any CPU
		{B5C8E09F-94C9-4FE8-A981-CDDC349E2ED7}.Release|Any CPU.Deploy.0 = Release|Any CPU
		{B5C8E09F-94C9-4FE8-A981-CDDC349E2ED7}.Release|arm64.ActiveCfg = Release|Any CPU
		{B5C8E09F-94C9-4FE8-A981-CDDC349E2ED7}.Release|arm64.Build.0 = Release|Any CPU
		{B5C8E09F-94C9-4FE8-A981-CDDC349E2ED7}.Release|arm64.Deploy.0 = Release|Any CPU
		{B5C8E09F-94C9-4FE8-A981-CDDC349E2ED7}.Release|x64.ActiveCfg = Release|Any CPU
		{B5C8E09F-94C9-4FE8-A981-CDDC349E2ED7}.Release|x64.Build.0 = Release|Any CPU
		{B5C8E09F-94C9-4FE8-A981-CDDC349E2ED7}.Release|x64.Deploy.0 = Release|Any CPU
		{B5C8E09F-94C9-4FE8-A981-CDDC349E2ED7}.Release|x86.ActiveCfg = Release|Any CPU
		{B5C8E09F-94C9-4FE8-A981-CDDC349E2ED7}.Release|x86.Build.0 = Release|Any CPU
		{B5C8E09F-94C9-4FE8-A981-CDDC349E2ED7}.Release|x86.Deploy.0 = Release|Any CPU
	EndGlobalSection
	GlobalSection(SolutionProperties) = preSolution
		HideSolutionNode = FALSE
	EndGlobalSection
	GlobalSection(NestedProjects) = preSolution
		{E1499066-06DD-442B-8E52-717C08DD882C} = {14D6EFF8-8C6D-4FF5-B41B-CE30F45F2FCD}
		{EC0877E3-0C8A-4F0A-8589-37D3C1C0DD93} = {14D6EFF8-8C6D-4FF5-B41B-CE30F45F2FCD}
		{CD1E8E56-3717-43FB-BD72-DB69675FE2D2} = {14D6EFF8-8C6D-4FF5-B41B-CE30F45F2FCD}
		{1670791F-1189-4795-A62C-852FF00EFFE8} = {14D6EFF8-8C6D-4FF5-B41B-CE30F45F2FCD}
		{229DC15B-9B1B-476A-9515-70BD25D81B86} = {40A1DB87-15B8-47C3-8F63-3C63D3A6CC8D}
		{B5C8E09F-94C9-4FE8-A981-CDDC349E2ED7} = {40A1DB87-15B8-47C3-8F63-3C63D3A6CC8D}
	EndGlobalSection
	GlobalSection(ExtensibilityGlobals) = postSolution
		SolutionGuid = {BD97F7D6-FC6F-4466-A09D-C8807953523F}
	EndGlobalSection
EndGlobal
