
Microsoft Visual Studio Solution File, Format Version 12.00
# Visual Studio Version 16
VisualStudioVersion = 16.0.30114.105
MinimumVisualStudioVersion = 10.0.40219.1
Project("{FAE04EC0-301F-11D3-BF4B-00C04F79EFBC}") = "DotnetRss.Core", "DotnetRss.Core\DotnetRss.Core.csproj", "{D763E5F6-E047-459D-8FE9-0A48CAEAC49A}"
EndProject
Project("{FAE04EC0-301F-11D3-BF4B-00C04F79EFBC}") = "DotnetRss.FeedReader", "DotnetRss.FeedReader\DotnetRss.FeedReader.csproj", "{8DC376A1-5D80-4C51-9DB7-5B6CDC760E05}"
EndProject
Project("{FAE04EC0-301F-11D3-BF4B-00C04F79EFBC}") = "DotnetRss.Handlebars", "DotnetRss.Handlebars\DotnetRss.Handlebars.csproj", "{44475285-EEAB-4261-8757-E3DDF3FE336A}"
EndProject
Project("{FAE04EC0-301F-11D3-BF4B-00C04F79EFBC}") = "DotnetRss.LiteDB", "DotnetRss.LiteDB\DotnetRss.LiteDB.csproj", "{13AF2AF1-70B8-452B-B7C3-2600FF686FE0}"
EndProject
Project("{FAE04EC0-301F-11D3-BF4B-00C04F79EFBC}") = "DotnetRss.Tests", "DotnetRss.Tests\DotnetRss.Tests.csproj", "{743B0303-DBA0-4708-B1FD-BF83B86DAC50}"
EndProject
Global
	GlobalSection(SolutionConfigurationPlatforms) = preSolution
		Debug|Any CPU = Debug|Any CPU
		Release|Any CPU = Release|Any CPU
	EndGlobalSection
	GlobalSection(SolutionProperties) = preSolution
		HideSolutionNode = FALSE
	EndGlobalSection
	GlobalSection(ProjectConfigurationPlatforms) = postSolution
		{D763E5F6-E047-459D-8FE9-0A48CAEAC49A}.Debug|Any CPU.ActiveCfg = Debug|Any CPU
		{D763E5F6-E047-459D-8FE9-0A48CAEAC49A}.Debug|Any CPU.Build.0 = Debug|Any CPU
		{D763E5F6-E047-459D-8FE9-0A48CAEAC49A}.Release|Any CPU.ActiveCfg = Release|Any CPU
		{D763E5F6-E047-459D-8FE9-0A48CAEAC49A}.Release|Any CPU.Build.0 = Release|Any CPU
		{8DC376A1-5D80-4C51-9DB7-5B6CDC760E05}.Debug|Any CPU.ActiveCfg = Debug|Any CPU
		{8DC376A1-5D80-4C51-9DB7-5B6CDC760E05}.Debug|Any CPU.Build.0 = Debug|Any CPU
		{8DC376A1-5D80-4C51-9DB7-5B6CDC760E05}.Release|Any CPU.ActiveCfg = Release|Any CPU
		{8DC376A1-5D80-4C51-9DB7-5B6CDC760E05}.Release|Any CPU.Build.0 = Release|Any CPU
		{44475285-EEAB-4261-8757-E3DDF3FE336A}.Debug|Any CPU.ActiveCfg = Debug|Any CPU
		{44475285-EEAB-4261-8757-E3DDF3FE336A}.Debug|Any CPU.Build.0 = Debug|Any CPU
		{44475285-EEAB-4261-8757-E3DDF3FE336A}.Release|Any CPU.ActiveCfg = Release|Any CPU
		{44475285-EEAB-4261-8757-E3DDF3FE336A}.Release|Any CPU.Build.0 = Release|Any CPU
		{13AF2AF1-70B8-452B-B7C3-2600FF686FE0}.Debug|Any CPU.ActiveCfg = Debug|Any CPU
		{13AF2AF1-70B8-452B-B7C3-2600FF686FE0}.Debug|Any CPU.Build.0 = Debug|Any CPU
		{13AF2AF1-70B8-452B-B7C3-2600FF686FE0}.Release|Any CPU.ActiveCfg = Release|Any CPU
		{13AF2AF1-70B8-452B-B7C3-2600FF686FE0}.Release|Any CPU.Build.0 = Release|Any CPU
		{743B0303-DBA0-4708-B1FD-BF83B86DAC50}.Debug|Any CPU.ActiveCfg = Debug|Any CPU
		{743B0303-DBA0-4708-B1FD-BF83B86DAC50}.Debug|Any CPU.Build.0 = Debug|Any CPU
		{743B0303-DBA0-4708-B1FD-BF83B86DAC50}.Release|Any CPU.ActiveCfg = Release|Any CPU
		{743B0303-DBA0-4708-B1FD-BF83B86DAC50}.Release|Any CPU.Build.0 = Release|Any CPU
	EndGlobalSection
EndGlobal
